github.com/hyperledger/fabric-chaincode-go v0.0.0-20220713164125-8f0791c989d7 h1:example=
github.com/hyperledger/fabric-chaincode-go v0.0.0-20220713164125-8f0791c989d7/go.mod h1:example=
github.com/hyperledger/fabric-protos-go v0.0.0-20220827195505-ce4d7b4c7c01 h1:example=
github.com/hyperledger/fabric-protos-go v0.0.0-20220827195505-ce4d7b4c7c01/go.mod h1:example=